// !$*UTF8*$!
{
	archiveVersion = 1;
	classes = {
	};
	objectVersion = 50;
	objects = {

/* Begin PBXBuildFile section */
		6221967A24001FE90039DF9D /* AppDelegate.swift in Sources */ = {isa = PBXBuildFile; fileRef = 6221967924001FE90039DF9D /* AppDelegate.swift */; };
		6221967C24001FE90039DF9D /* ViewController.swift in Sources */ = {isa = PBXBuildFile; fileRef = 6221967B24001FE90039DF9D /* ViewController.swift */; };
		6221967F24001FE90039DF9D /* Main.storyboard in Resources */ = {isa = PBXBuildFile; fileRef = 6221967D24001FE90039DF9D /* Main.storyboard */; };
		6221968424001FEA0039DF9D /* LaunchScreen.storyboard in Resources */ = {isa = PBXBuildFile; fileRef = 6221968224001FEA0039DF9D /* LaunchScreen.storyboard */; };
		6221968F24001FEA0039DF9D /* CapstoneOneTests.swift in Sources */ = {isa = PBXBuildFile; fileRef = 6221968E24001FEA0039DF9D /* CapstoneOneTests.swift */; };
		6221969A240035CE0039DF9D /* YUMA_PRIMARY.png in Resources */ = {isa = PBXBuildFile; fileRef = 62219699240035CE0039DF9D /* YUMA_PRIMARY.png */; };
		622196B224008A7B0039DF9D /* SemesterPlanViewController.swift in Sources */ = {isa = PBXBuildFile; fileRef = 622196B124008A7B0039DF9D /* SemesterPlanViewController.swift */; };
		622196B424008ADF0039DF9D /* LinksViewController.swift in Sources */ = {isa = PBXBuildFile; fileRef = 622196B324008ADF0039DF9D /* LinksViewController.swift */; };
		622EEDCA24292B5600D0345C /* NewHomeViewController.swift in Sources */ = {isa = PBXBuildFile; fileRef = 622EEDC924292B5600D0345C /* NewHomeViewController.swift */; };
		622EEDCC242997A900D0345C /* Assets.xcassets in Resources */ = {isa = PBXBuildFile; fileRef = 622EEDCB242997A900D0345C /* Assets.xcassets */; };
		62ACA9FD24059A7700379714 /* IndividualSemesterPlanViewController.swift in Sources */ = {isa = PBXBuildFile; fileRef = 62ACA9FC24059A7700379714 /* IndividualSemesterPlanViewController.swift */; };
		62DA1B982406C186004DE5DB /* Computer Science.pdf in Resources */ = {isa = PBXBuildFile; fileRef = 62DA1B972406C186004DE5DB /* Computer Science.pdf */; };
		62DA1B9E2406C198004DE5DB /* Engineering Management.pdf in Resources */ = {isa = PBXBuildFile; fileRef = 62DA1B9D2406C198004DE5DB /* Engineering Management.pdf */; };
		62DA1BA22406C1A3004DE5DB /* Food Safety.pdf in Resources */ = {isa = PBXBuildFile; fileRef = 62DA1BA12406C1A3004DE5DB /* Food Safety.pdf */; };
		62DA1BA42406C1AA004DE5DB /* Industrial Engineering.pdf in Resources */ = {isa = PBXBuildFile; fileRef = 62DA1BA32406C1AA004DE5DB /* Industrial Engineering.pdf */; };
		62DA1BA62406C1B2004DE5DB /* Informatics.pdf in Resources */ = {isa = PBXBuildFile; fileRef = 62DA1BA52406C1B2004DE5DB /* Informatics.pdf */; };
		62DA1BA82406C1B8004DE5DB /* Network Operations.pdf in Resources */ = {isa = PBXBuildFile; fileRef = 62DA1BA72406C1B8004DE5DB /* Network Operations.pdf */; };
		62DA1BAA2406C1C0004DE5DB /* Reverse Engineering.pdf in Resources */ = {isa = PBXBuildFile; fileRef = 62DA1BA92406C1C0004DE5DB /* Reverse Engineering.pdf */; };
		62DA1BAC2406C343004DE5DB /* Cyber Defense and Forensics.pdf in Resources */ = {isa = PBXBuildFile; fileRef = 62DA1BAB2406C343004DE5DB /* Cyber Defense and Forensics.pdf */; };
		62DA1BAE2406C395004DE5DB /* Agricultural Technology Management.pdf in Resources */ = {isa = PBXBuildFile; fileRef = 62DA1BAD2406C395004DE5DB /* Agricultural Technology Management.pdf */; };
		62DA1BB02406C45C004DE5DB /* Cyber Threat Intelligence.pdf in Resources */ = {isa = PBXBuildFile; fileRef = 62DA1BAF2406C45B004DE5DB /* Cyber Threat Intelligence.pdf */; };
		62DA1BB22406C4B4004DE5DB /* Family Studies & Human Development.pdf in Resources */ = {isa = PBXBuildFile; fileRef = 62DA1BB12406C4B4004DE5DB /* Family Studies & Human Development.pdf */; };
		62DA1BBC24070BCD004DE5DB /* RequestInformationViewController.swift in Sources */ = {isa = PBXBuildFile; fileRef = 62DA1BBB24070BCD004DE5DB /* RequestInformationViewController.swift */; };
		62DA1BC2240751AC004DE5DB /* NAU-Yuma_campus_map.jpg in Resources */ = {isa = PBXBuildFile; fileRef = 62DA1BC1240751AB004DE5DB /* NAU-Yuma_campus_map.jpg */; };
		62DA1BD0240DEEDF004DE5DB /* MapsViewController.swift in Sources */ = {isa = PBXBuildFile; fileRef = 62DA1BCF240DEEDF004DE5DB /* MapsViewController.swift */; };
		62DA1BD82417D434004DE5DB /* UAYuma.jpg in Resources */ = {isa = PBXBuildFile; fileRef = 62DA1BD72417D434004DE5DB /* UAYuma.jpg */; };
		62DA1BE22417E27D004DE5DB /* HamburgerViewController.swift in Sources */ = {isa = PBXBuildFile; fileRef = 62DA1BE12417E27D004DE5DB /* HamburgerViewController.swift */; };
		62DA1BE6241AAA8C004DE5DB /* SanLuisMapViewController.swift in Sources */ = {isa = PBXBuildFile; fileRef = 62DA1BE5241AAA8C004DE5DB /* SanLuisMapViewController.swift */; };
		62DA1BEA2422CB53004DE5DB /* Intelligence Studies.pdf in Resources */ = {isa = PBXBuildFile; fileRef = 62DA1BE92422CB53004DE5DB /* Intelligence Studies.pdf */; };
		62E22FE12401C15300E07244 /* ScolarshipPDFViewController.swift in Sources */ = {isa = PBXBuildFile; fileRef = 62E22FE02401C15300E07244 /* ScolarshipPDFViewController.swift */; };
		62E22FE32401C62C00E07244 /* scholarships.pdf in Resources */ = {isa = PBXBuildFile; fileRef = 62E22FE22401C62C00E07244 /* scholarships.pdf */; };
/* End PBXBuildFile section */

/* Begin PBXContainerItemProxy section */
		6221968B24001FEA0039DF9D /* PBXContainerItemProxy */ = {
			isa = PBXContainerItemProxy;
			containerPortal = 6221966E24001FE90039DF9D /* Project object */;
			proxyType = 1;
			remoteGlobalIDString = 6221967524001FE90039DF9D;
			remoteInfo = CapstoneOne;
		};
/* End PBXContainerItemProxy section */

/* Begin PBXFileReference section */
		6221967624001FE90039DF9D /* CapstoneOne.app */ = {isa = PBXFileReference; explicitFileType = wrapper.application; includeInIndex = 0; path = CapstoneOne.app; sourceTree = BUILT_PRODUCTS_DIR; };
		6221967924001FE90039DF9D /* AppDelegate.swift */ = {isa = PBXFileReference; lastKnownFileType = sourcecode.swift; path = AppDelegate.swift; sourceTree = "<group>"; };
		6221967B24001FE90039DF9D /* ViewController.swift */ = {isa = PBXFileReference; lastKnownFileType = sourcecode.swift; path = ViewController.swift; sourceTree = "<group>"; };
		6221967E24001FE90039DF9D /* Base */ = {isa = PBXFileReference; lastKnownFileType = file.storyboard; name = Base; path = Base.lproj/Main.storyboard; sourceTree = "<group>"; };
		6221968324001FEA0039DF9D /* Base */ = {isa = PBXFileReference; lastKnownFileType = file.storyboard; name = Base; path = Base.lproj/LaunchScreen.storyboard; sourceTree = "<group>"; };
		6221968524001FEA0039DF9D /* Info.plist */ = {isa = PBXFileReference; lastKnownFileType = text.plist.xml; path = Info.plist; sourceTree = "<group>"; };
		6221968A24001FEA0039DF9D /* CapstoneOneTests.xctest */ = {isa = PBXFileReference; explicitFileType = wrapper.cfbundle; includeInIndex = 0; path = CapstoneOneTests.xctest; sourceTree = BUILT_PRODUCTS_DIR; };
		6221968E24001FEA0039DF9D /* CapstoneOneTests.swift */ = {isa = PBXFileReference; lastKnownFileType = sourcecode.swift; path = CapstoneOneTests.swift; sourceTree = "<group>"; };
		6221969024001FEA0039DF9D /* Info.plist */ = {isa = PBXFileReference; lastKnownFileType = text.plist.xml; path = Info.plist; sourceTree = "<group>"; };
		62219699240035CE0039DF9D /* YUMA_PRIMARY.png */ = {isa = PBXFileReference; lastKnownFileType = image.png; name = YUMA_PRIMARY.png; path = ../../YUMA_PRIMARY.png; sourceTree = "<group>"; };
		622196B124008A7B0039DF9D /* SemesterPlanViewController.swift */ = {isa = PBXFileReference; lastKnownFileType = sourcecode.swift; path = SemesterPlanViewController.swift; sourceTree = "<group>"; };
		622196B324008ADF0039DF9D /* LinksViewController.swift */ = {isa = PBXFileReference; lastKnownFileType = sourcecode.swift; path = LinksViewController.swift; sourceTree = "<group>"; };
		622EEDC924292B5600D0345C /* NewHomeViewController.swift */ = {isa = PBXFileReference; fileEncoding = 4; lastKnownFileType = sourcecode.swift; path = NewHomeViewController.swift; sourceTree = "<group>"; };
		622EEDCB242997A900D0345C /* Assets.xcassets */ = {isa = PBXFileReference; lastKnownFileType = folder.assetcatalog; path = Assets.xcassets; sourceTree = "<group>"; };
		62ACA9FC24059A7700379714 /* IndividualSemesterPlanViewController.swift */ = {isa = PBXFileReference; lastKnownFileType = sourcecode.swift; path = IndividualSemesterPlanViewController.swift; sourceTree = "<group>"; };
		62DA1B972406C186004DE5DB /* Computer Science.pdf */ = {isa = PBXFileReference; lastKnownFileType = image.pdf; path = "Computer Science.pdf"; sourceTree = "<group>"; };
		62DA1B9D2406C198004DE5DB /* Engineering Management.pdf */ = {isa = PBXFileReference; lastKnownFileType = image.pdf; path = "Engineering Management.pdf"; sourceTree = "<group>"; };
		62DA1BA12406C1A3004DE5DB /* Food Safety.pdf */ = {isa = PBXFileReference; lastKnownFileType = image.pdf; path = "Food Safety.pdf"; sourceTree = "<group>"; };
		62DA1BA32406C1AA004DE5DB /* Industrial Engineering.pdf */ = {isa = PBXFileReference; lastKnownFileType = image.pdf; path = "Industrial Engineering.pdf"; sourceTree = "<group>"; };
		62DA1BA52406C1B2004DE5DB /* Informatics.pdf */ = {isa = PBXFileReference; lastKnownFileType = image.pdf; path = Informatics.pdf; sourceTree = "<group>"; };
		62DA1BA72406C1B8004DE5DB /* Network Operations.pdf */ = {isa = PBXFileReference; lastKnownFileType = image.pdf; path = "Network Operations.pdf"; sourceTree = "<group>"; };
		62DA1BA92406C1C0004DE5DB /* Reverse Engineering.pdf */ = {isa = PBXFileReference; lastKnownFileType = image.pdf; path = "Reverse Engineering.pdf"; sourceTree = "<group>"; };
		62DA1BAB2406C343004DE5DB /* Cyber Defense and Forensics.pdf */ = {isa = PBXFileReference; lastKnownFileType = image.pdf; path = "Cyber Defense and Forensics.pdf"; sourceTree = "<group>"; };
		62DA1BAD2406C395004DE5DB /* Agricultural Technology Management.pdf */ = {isa = PBXFileReference; lastKnownFileType = image.pdf; path = "Agricultural Technology Management.pdf"; sourceTree = "<group>"; };
		62DA1BAF2406C45B004DE5DB /* Cyber Threat Intelligence.pdf */ = {isa = PBXFileReference; lastKnownFileType = image.pdf; path = "Cyber Threat Intelligence.pdf"; sourceTree = "<group>"; };
		62DA1BB12406C4B4004DE5DB /* Family Studies & Human Development.pdf */ = {isa = PBXFileReference; lastKnownFileType = image.pdf; path = "Family Studies & Human Development.pdf"; sourceTree = "<group>"; };
		62DA1BBB24070BCD004DE5DB /* RequestInformationViewController.swift */ = {isa = PBXFileReference; lastKnownFileType = sourcecode.swift; path = RequestInformationViewController.swift; sourceTree = "<group>"; };
		62DA1BC1240751AB004DE5DB /* NAU-Yuma_campus_map.jpg */ = {isa = PBXFileReference; lastKnownFileType = image.jpeg; path = "NAU-Yuma_campus_map.jpg"; sourceTree = "<group>"; };
		62DA1BCF240DEEDF004DE5DB /* MapsViewController.swift */ = {isa = PBXFileReference; fileEncoding = 4; lastKnownFileType = sourcecode.swift; path = MapsViewController.swift; sourceTree = "<group>"; };
		62DA1BD72417D434004DE5DB /* UAYuma.jpg */ = {isa = PBXFileReference; lastKnownFileType = image.jpeg; path = UAYuma.jpg; sourceTree = "<group>"; };
		62DA1BE12417E27D004DE5DB /* HamburgerViewController.swift */ = {isa = PBXFileReference; lastKnownFileType = sourcecode.swift; path = HamburgerViewController.swift; sourceTree = "<group>"; };
		62DA1BE5241AAA8C004DE5DB /* SanLuisMapViewController.swift */ = {isa = PBXFileReference; lastKnownFileType = sourcecode.swift; path = SanLuisMapViewController.swift; sourceTree = "<group>"; };
		62DA1BE92422CB53004DE5DB /* Intelligence Studies.pdf */ = {isa = PBXFileReference; lastKnownFileType = image.pdf; path = "Intelligence Studies.pdf"; sourceTree = "<group>"; };
		62E22FE02401C15300E07244 /* ScolarshipPDFViewController.swift */ = {isa = PBXFileReference; lastKnownFileType = sourcecode.swift; path = ScolarshipPDFViewController.swift; sourceTree = "<group>"; };
		62E22FE22401C62C00E07244 /* scholarships.pdf */ = {isa = PBXFileReference; lastKnownFileType = image.pdf; path = scholarships.pdf; sourceTree = "<group>"; };
/* End PBXFileReference section */

/* Begin PBXFrameworksBuildPhase section */
		6221967324001FE90039DF9D /* Frameworks */ = {
			isa = PBXFrameworksBuildPhase;
			buildActionMask = 2147483647;
			files = (
			);
			runOnlyForDeploymentPostprocessing = 0;
		};
		6221968724001FEA0039DF9D /* Frameworks */ = {
			isa = PBXFrameworksBuildPhase;
			buildActionMask = 2147483647;
			files = (
			);
			runOnlyForDeploymentPostprocessing = 0;
		};
/* End PBXFrameworksBuildPhase section */

/* Begin PBXGroup section */
		6221966D24001FE90039DF9D = {
			isa = PBXGroup;
			children = (
				6221967824001FE90039DF9D /* CapstoneOne */,
				6221968D24001FEA0039DF9D /* CapstoneOneTests */,
				6221967724001FE90039DF9D /* Products */,
			);
			sourceTree = "<group>";
		};
		6221967724001FE90039DF9D /* Products */ = {
			isa = PBXGroup;
			children = (
				6221967624001FE90039DF9D /* CapstoneOne.app */,
				6221968A24001FEA0039DF9D /* CapstoneOneTests.xctest */,
			);
			name = Products;
			sourceTree = "<group>";
		};
		6221967824001FE90039DF9D /* CapstoneOne */ = {
			isa = PBXGroup;
			children = (
				62DA1BCF240DEEDF004DE5DB /* MapsViewController.swift */,
				6221967924001FE90039DF9D /* AppDelegate.swift */,
				6221967B24001FE90039DF9D /* ViewController.swift */,
				622196B124008A7B0039DF9D /* SemesterPlanViewController.swift */,
				622196B324008ADF0039DF9D /* LinksViewController.swift */,
				62E22FE02401C15300E07244 /* ScolarshipPDFViewController.swift */,
				62ACA9FC24059A7700379714 /* IndividualSemesterPlanViewController.swift */,
				62DA1BBB24070BCD004DE5DB /* RequestInformationViewController.swift */,
				622EEDC924292B5600D0345C /* NewHomeViewController.swift */,
				6221967D24001FE90039DF9D /* Main.storyboard */,
				62DA1BE5241AAA8C004DE5DB /* SanLuisMapViewController.swift */,
				62DA1BE12417E27D004DE5DB /* HamburgerViewController.swift */,
				62DA1BC1240751AB004DE5DB /* NAU-Yuma_campus_map.jpg */,
				62219699240035CE0039DF9D /* YUMA_PRIMARY.png */,
				622EEDCB242997A900D0345C /* Assets.xcassets */,
				6221968224001FEA0039DF9D /* LaunchScreen.storyboard */,
				62DA1BAD2406C395004DE5DB /* Agricultural Technology Management.pdf */,
				62DA1B972406C186004DE5DB /* Computer Science.pdf */,
				62DA1BAB2406C343004DE5DB /* Cyber Defense and Forensics.pdf */,
				62DA1BAF2406C45B004DE5DB /* Cyber Threat Intelligence.pdf */,
				62DA1B9D2406C198004DE5DB /* Engineering Management.pdf */,
				62DA1BB12406C4B4004DE5DB /* Family Studies & Human Development.pdf */,
				62DA1BA12406C1A3004DE5DB /* Food Safety.pdf */,
				62DA1BA32406C1AA004DE5DB /* Industrial Engineering.pdf */,
				62DA1BE92422CB53004DE5DB /* Intelligence Studies.pdf */,
				62DA1BA52406C1B2004DE5DB /* Informatics.pdf */,
				62DA1BA72406C1B8004DE5DB /* Network Operations.pdf */,
				62DA1BA92406C1C0004DE5DB /* Reverse Engineering.pdf */,
				62E22FE22401C62C00E07244 /* scholarships.pdf */,
				62DA1BD72417D434004DE5DB /* UAYuma.jpg */,
				6221968524001FEA0039DF9D /* Info.plist */,
			);
			path = CapstoneOne;
			sourceTree = "<group>";
		};
		6221968D24001FEA0039DF9D /* CapstoneOneTests */ = {
			isa = PBXGroup;
			children = (
				6221968E24001FEA0039DF9D /* CapstoneOneTests.swift */,
				6221969024001FEA0039DF9D /* Info.plist */,
			);
			path = CapstoneOneTests;
			sourceTree = "<group>";
		};
/* End PBXGroup section */

/* Begin PBXNativeTarget section */
		6221967524001FE90039DF9D /* CapstoneOne */ = {
			isa = PBXNativeTarget;
			buildConfigurationList = 6221969324001FEA0039DF9D /* Build configuration list for PBXNativeTarget "CapstoneOne" */;
			buildPhases = (
				6221967224001FE90039DF9D /* Sources */,
				6221967324001FE90039DF9D /* Frameworks */,
				6221967424001FE90039DF9D /* Resources */,
			);
			buildRules = (
			);
			dependencies = (
			);
			name = CapstoneOne;
			productName = CapstoneOne;
			productReference = 6221967624001FE90039DF9D /* CapstoneOne.app */;
			productType = "com.apple.product-type.application";
		};
		6221968924001FEA0039DF9D /* CapstoneOneTests */ = {
			isa = PBXNativeTarget;
			buildConfigurationList = 6221969624001FEA0039DF9D /* Build configuration list for PBXNativeTarget "CapstoneOneTests" */;
			buildPhases = (
				6221968624001FEA0039DF9D /* Sources */,
				6221968724001FEA0039DF9D /* Frameworks */,
				6221968824001FEA0039DF9D /* Resources */,
			);
			buildRules = (
			);
			dependencies = (
				6221968C24001FEA0039DF9D /* PBXTargetDependency */,
			);
			name = CapstoneOneTests;
			productName = CapstoneOneTests;
			productReference = 6221968A24001FEA0039DF9D /* CapstoneOneTests.xctest */;
			productType = "com.apple.product-type.bundle.unit-test";
		};
/* End PBXNativeTarget section */

/* Begin PBXProject section */
		6221966E24001FE90039DF9D /* Project object */ = {
			isa = PBXProject;
			attributes = {
				LastSwiftUpdateCheck = 1010;
				LastUpgradeCheck = 1010;
				ORGANIZATIONNAME = INFV498;
				TargetAttributes = {
					6221967524001FE90039DF9D = {
						CreatedOnToolsVersion = 10.1;
					};
					6221968924001FEA0039DF9D = {
						CreatedOnToolsVersion = 10.1;
						TestTargetID = 6221967524001FE90039DF9D;
					};
				};
			};
			buildConfigurationList = 6221967124001FE90039DF9D /* Build configuration list for PBXProject "CapstoneOne" */;
			compatibilityVersion = "Xcode 9.3";
			developmentRegion = en;
			hasScannedForEncodings = 0;
			knownRegions = (
				en,
				Base,
			);
			mainGroup = 6221966D24001FE90039DF9D;
			productRefGroup = 6221967724001FE90039DF9D /* Products */;
			projectDirPath = "";
			projectRoot = "";
			targets = (
				6221967524001FE90039DF9D /* CapstoneOne */,
				6221968924001FEA0039DF9D /* CapstoneOneTests */,
			);
		};
/* End PBXProject section */

/* Begin PBXResourcesBuildPhase section */
		6221967424001FE90039DF9D /* Resources */ = {
			isa = PBXResourcesBuildPhase;
			buildActionMask = 2147483647;
			files = (
				62DA1BEA2422CB53004DE5DB /* Intelligence Studies.pdf in Resources */,
				62DA1B9E2406C198004DE5DB /* Engineering Management.pdf in Resources */,
				6221968424001FEA0039DF9D /* LaunchScreen.storyboard in Resources */,
				622EEDCC242997A900D0345C /* Assets.xcassets in Resources */,
				62DA1BA62406C1B2004DE5DB /* Informatics.pdf in Resources */,
				62DA1BB22406C4B4004DE5DB /* Family Studies & Human Development.pdf in Resources */,
				62DA1BA82406C1B8004DE5DB /* Network Operations.pdf in Resources */,
				62DA1BD82417D434004DE5DB /* UAYuma.jpg in Resources */,
				62DA1BC2240751AC004DE5DB /* NAU-Yuma_campus_map.jpg in Resources */,
				62DA1BAC2406C343004DE5DB /* Cyber Defense and Forensics.pdf in Resources */,
				62DA1BB02406C45C004DE5DB /* Cyber Threat Intelligence.pdf in Resources */,
				62DA1BA22406C1A3004DE5DB /* Food Safety.pdf in Resources */,
				62DA1BAE2406C395004DE5DB /* Agricultural Technology Management.pdf in Resources */,
				62DA1BAA2406C1C0004DE5DB /* Reverse Engineering.pdf in Resources */,
				6221969A240035CE0039DF9D /* YUMA_PRIMARY.png in Resources */,
				6221967F24001FE90039DF9D /* Main.storyboard in Resources */,
				62DA1BA42406C1AA004DE5DB /* Industrial Engineering.pdf in Resources */,
				62DA1B982406C186004DE5DB /* Computer Science.pdf in Resources */,
				62E22FE32401C62C00E07244 /* scholarships.pdf in Resources */,
			);
			runOnlyForDeploymentPostprocessing = 0;
		};
		6221968824001FEA0039DF9D /* Resources */ = {
			isa = PBXResourcesBuildPhase;
			buildActionMask = 2147483647;
			files = (
			);
			runOnlyForDeploymentPostprocessing = 0;
		};
/* End PBXResourcesBuildPhase section */

/* Begin PBXSourcesBuildPhase section */
		6221967224001FE90039DF9D /* Sources */ = {
			isa = PBXSourcesBuildPhase;
			buildActionMask = 2147483647;
			files = (
				622EEDCA24292B5600D0345C /* NewHomeViewController.swift in Sources */,
				62ACA9FD24059A7700379714 /* IndividualSemesterPlanViewController.swift in Sources */,
				62DA1BBC24070BCD004DE5DB /* RequestInformationViewController.swift in Sources */,
				62E22FE12401C15300E07244 /* ScolarshipPDFViewController.swift in Sources */,
				6221967C24001FE90039DF9D /* ViewController.swift in Sources */,
				622196B224008A7B0039DF9D /* SemesterPlanViewController.swift in Sources */,
				62DA1BD0240DEEDF004DE5DB /* MapsViewController.swift in Sources */,
				6221967A24001FE90039DF9D /* AppDelegate.swift in Sources */,
				62DA1BE22417E27D004DE5DB /* HamburgerViewController.swift in Sources */,
				62DA1BE6241AAA8C004DE5DB /* SanLuisMapViewController.swift in Sources */,
				622196B424008ADF0039DF9D /* LinksViewController.swift in Sources */,
			);
			runOnlyForDeploymentPostprocessing = 0;
		};
		6221968624001FEA0039DF9D /* Sources */ = {
			isa = PBXSourcesBuildPhase;
			buildActionMask = 2147483647;
			files = (
				6221968F24001FEA0039DF9D /* CapstoneOneTests.swift in Sources */,
			);
			runOnlyForDeploymentPostprocessing = 0;
		};
/* End PBXSourcesBuildPhase section */

/* Begin PBXTargetDependency section */
		6221968C24001FEA0039DF9D /* PBXTargetDependency */ = {
			isa = PBXTargetDependency;
			target = 6221967524001FE90039DF9D /* CapstoneOne */;
			targetProxy = 6221968B24001FEA0039DF9D /* PBXContainerItemProxy */;
		};
/* End PBXTargetDependency section */

/* Begin PBXVariantGroup section */
		6221967D24001FE90039DF9D /* Main.storyboard */ = {
			isa = PBXVariantGroup;
			children = (
				6221967E24001FE90039DF9D /* Base */,
			);
			name = Main.storyboard;
			sourceTree = "<group>";
		};
		6221968224001FEA0039DF9D /* LaunchScreen.storyboard */ = {
			isa = PBXVariantGroup;
			children = (
				6221968324001FEA0039DF9D /* Base */,
			);
			name = LaunchScreen.storyboard;
			sourceTree = "<group>";
		};
/* End PBXVariantGroup section */

/* Begin XCBuildConfiguration section */
		6221969124001FEA0039DF9D /* Debug */ = {
			isa = XCBuildConfiguration;
			buildSettings = {
				ALWAYS_SEARCH_USER_PATHS = NO;
				CLANG_ANALYZER_NONNULL = YES;
				CLANG_ANALYZER_NUMBER_OBJECT_CONVERSION = YES_AGGRESSIVE;
				CLANG_CXX_LANGUAGE_STANDARD = "gnu++14";
				CLANG_CXX_LIBRARY = "libc++";
				CLANG_ENABLE_MODULES = YES;
				CLANG_ENABLE_OBJC_ARC = YES;
				CLANG_ENABLE_OBJC_WEAK = YES;
				CLANG_WARN_BLOCK_CAPTURE_AUTORELEASING = YES;
				CLANG_WARN_BOOL_CONVERSION = YES;
				CLANG_WARN_COMMA = YES;
				CLANG_WARN_CONSTANT_CONVERSION = YES;
				CLANG_WARN_DEPRECATED_OBJC_IMPLEMENTATIONS = YES;
				CLANG_WARN_DIRECT_OBJC_ISA_USAGE = YES_ERROR;
				CLANG_WARN_DOCUMENTATION_COMMENTS = YES;
				CLANG_WARN_EMPTY_BODY = YES;
				CLANG_WARN_ENUM_CONVERSION = YES;
				CLANG_WARN_INFINITE_RECURSION = YES;
				CLANG_WARN_INT_CONVERSION = YES;
				CLANG_WARN_NON_LITERAL_NULL_CONVERSION = YES;
				CLANG_WARN_OBJC_IMPLICIT_RETAIN_SELF = YES;
				CLANG_WARN_OBJC_LITERAL_CONVERSION = YES;
				CLANG_WARN_OBJC_ROOT_CLASS = YES_ERROR;
				CLANG_WARN_RANGE_LOOP_ANALYSIS = YES;
				CLANG_WARN_STRICT_PROTOTYPES = YES;
				CLANG_WARN_SUSPICIOUS_MOVE = YES;
				CLANG_WARN_UNGUARDED_AVAILABILITY = YES_AGGRESSIVE;
				CLANG_WARN_UNREACHABLE_CODE = YES;
				CLANG_WARN__DUPLICATE_METHOD_MATCH = YES;
				CODE_SIGN_IDENTITY = "iPhone Developer";
				COPY_PHASE_STRIP = NO;
				DEBUG_INFORMATION_FORMAT = dwarf;
				ENABLE_STRICT_OBJC_MSGSEND = YES;
				ENABLE_TESTABILITY = YES;
				GCC_C_LANGUAGE_STANDARD = gnu11;
				GCC_DYNAMIC_NO_PIC = NO;
				GCC_NO_COMMON_BLOCKS = YES;
				GCC_OPTIMIZATION_LEVEL = 0;
				GCC_PREPROCESSOR_DEFINITIONS = (
					"DEBUG=1",
					"$(inherited)",
				);
				GCC_WARN_64_TO_32_BIT_CONVERSION = YES;
				GCC_WARN_ABOUT_RETURN_TYPE = YES_ERROR;
				GCC_WARN_UNDECLARED_SELECTOR = YES;
				GCC_WARN_UNINITIALIZED_AUTOS = YES_AGGRESSIVE;
				GCC_WARN_UNUSED_FUNCTION = YES;
				GCC_WARN_UNUSED_VARIABLE = YES;
				IPHONEOS_DEPLOYMENT_TARGET = 12.1;
				MTL_ENABLE_DEBUG_INFO = INCLUDE_SOURCE;
				MTL_FAST_MATH = YES;
				ONLY_ACTIVE_ARCH = YES;
				SDKROOT = iphoneos;
				SWIFT_ACTIVE_COMPILATION_CONDITIONS = DEBUG;
				SWIFT_OPTIMIZATION_LEVEL = "-Onone";
			};
			name = Debug;
		};
		6221969224001FEA0039DF9D /* Release */ = {
			isa = XCBuildConfiguration;
			buildSettings = {
				ALWAYS_SEARCH_USER_PATHS = NO;
				CLANG_ANALYZER_NONNULL = YES;
				CLANG_ANALYZER_NUMBER_OBJECT_CONVERSION = YES_AGGRESSIVE;
				CLANG_CXX_LANGUAGE_STANDARD = "gnu++14";
				CLANG_CXX_LIBRARY = "libc++";
				CLANG_ENABLE_MODULES = YES;
				CLANG_ENABLE_OBJC_ARC = YES;
				CLANG_ENABLE_OBJC_WEAK = YES;
				CLANG_WARN_BLOCK_CAPTURE_AUTORELEASING = YES;
				CLANG_WARN_BOOL_CONVERSION = YES;
				CLANG_WARN_COMMA = YES;
				CLANG_WARN_CONSTANT_CONVERSION = YES;
				CLANG_WARN_DEPRECATED_OBJC_IMPLEMENTATIONS = YES;
				CLANG_WARN_DIRECT_OBJC_ISA_USAGE = YES_ERROR;
				CLANG_WARN_DOCUMENTATION_COMMENTS = YES;
				CLANG_WARN_EMPTY_BODY = YES;
				CLANG_WARN_ENUM_CONVERSION = YES;
				CLANG_WARN_INFINITE_RECURSION = YES;
				CLANG_WARN_INT_CONVERSION = YES;
				CLANG_WARN_NON_LITERAL_NULL_CONVERSION = YES;
				CLANG_WARN_OBJC_IMPLICIT_RETAIN_SELF = YES;
				CLANG_WARN_OBJC_LITERAL_CONVERSION = YES;
				CLANG_WARN_OBJC_ROOT_CLASS = YES_ERROR;
				CLANG_WARN_RANGE_LOOP_ANALYSIS = YES;
				CLANG_WARN_STRICT_PROTOTYPES = YES;
				CLANG_WARN_SUSPICIOUS_MOVE = YES;
				CLANG_WARN_UNGUARDED_AVAILABILITY = YES_AGGRESSIVE;
				CLANG_WARN_UNREACHABLE_CODE = YES;
				CLANG_WARN__DUPLICATE_METHOD_MATCH = YES;
				CODE_SIGN_IDENTITY = "iPhone Developer";
				COPY_PHASE_STRIP = NO;
				DEBUG_INFORMATION_FORMAT = "dwarf-with-dsym";
				ENABLE_NS_ASSERTIONS = NO;
				ENABLE_STRICT_OBJC_MSGSEND = YES;
				GCC_C_LANGUAGE_STANDARD = gnu11;
				GCC_NO_COMMON_BLOCKS = YES;
				GCC_WARN_64_TO_32_BIT_CONVERSION = YES;
				GCC_WARN_ABOUT_RETURN_TYPE = YES_ERROR;
				GCC_WARN_UNDECLARED_SELECTOR = YES;
				GCC_WARN_UNINITIALIZED_AUTOS = YES_AGGRESSIVE;
				GCC_WARN_UNUSED_FUNCTION = YES;
				GCC_WARN_UNUSED_VARIABLE = YES;
				IPHONEOS_DEPLOYMENT_TARGET = 12.1;
				MTL_ENABLE_DEBUG_INFO = NO;
				MTL_FAST_MATH = YES;
				SDKROOT = iphoneos;
				SWIFT_COMPILATION_MODE = wholemodule;
				SWIFT_OPTIMIZATION_LEVEL = "-O";
				VALIDATE_PRODUCT = YES;
			};
			name = Release;
		};
		6221969424001FEA0039DF9D /* Debug */ = {
			isa = XCBuildConfiguration;
			buildSettings = {
				ASSETCATALOG_COMPILER_APPICON_NAME = AppIcon;
				CODE_SIGN_STYLE = Automatic;
				DEVELOPMENT_TEAM = Y9WSYL98GQ;
				INFOPLIST_FILE = CapstoneOne/Info.plist;
				LD_RUNPATH_SEARCH_PATHS = (
					"$(inherited)",
					"@executable_path/Frameworks",
				);
				PRODUCT_BUNDLE_IDENTIFIER = edu.self.CapstoneOne;
				PRODUCT_NAME = "$(TARGET_NAME)";
				SWIFT_VERSION = 4.2;
				TARGETED_DEVICE_FAMILY = "1,2";
			};
			name = Debug;
		};
		6221969524001FEA0039DF9D /* Release */ = {
			isa = XCBuildConfiguration;
			buildSettings = {
				ASSETCATALOG_COMPILER_APPICON_NAME = AppIcon;
				CODE_SIGN_STYLE = Automatic;
				DEVELOPMENT_TEAM = Y9WSYL98GQ;
				INFOPLIST_FILE = CapstoneOne/Info.plist;
				LD_RUNPATH_SEARCH_PATHS = (
					"$(inherited)",
					"@executable_path/Frameworks",
				);
				PRODUCT_BUNDLE_IDENTIFIER = edu.self.CapstoneOne;
				PRODUCT_NAME = "$(TARGET_NAME)";
				SWIFT_VERSION = 4.2;
				TARGETED_DEVICE_FAMILY = "1,2";
			};
			name = Release;
		};
		6221969724001FEA0039DF9D /* Debug */ = {
			isa = XCBuildConfiguration;
			buildSettings = {
				ALWAYS_EMBED_SWIFT_STANDARD_LIBRARIES = YES;
				BUNDLE_LOADER = "$(TEST_HOST)";
				CODE_SIGN_STYLE = Automatic;
				INFOPLIST_FILE = CapstoneOneTests/Info.plist;
				LD_RUNPATH_SEARCH_PATHS = (
					"$(inherited)",
					"@executable_path/Frameworks",
					"@loader_path/Frameworks",
				);
				PRODUCT_BUNDLE_IDENTIFIER = edu.self.CapstoneOneTests;
				PRODUCT_NAME = "$(TARGET_NAME)";
				SWIFT_VERSION = 4.2;
				TARGETED_DEVICE_FAMILY = "1,2";
				TEST_HOST = "$(BUILT_PRODUCTS_DIR)/CapstoneOne.app/CapstoneOne";
			};
			name = Debug;
		};
		6221969824001FEA0039DF9D /* Release */ = {
			isa = XCBuildConfiguration;
			buildSettings = {
				ALWAYS_EMBED_SWIFT_STANDARD_LIBRARIES = YES;
				BUNDLE_LOADER = "$(TEST_HOST)";
				CODE_SIGN_STYLE = Automatic;
				INFOPLIST_FILE = CapstoneOneTests/Info.plist;
				LD_RUNPATH_SEARCH_PATHS = (
					"$(inherited)",
					"@executable_path/Frameworks",
					"@loader_path/Frameworks",
				);
				PRODUCT_BUNDLE_IDENTIFIER = edu.self.CapstoneOneTests;
				PRODUCT_NAME = "$(TARGET_NAME)";
				SWIFT_VERSION = 4.2;
				TARGETED_DEVICE_FAMILY = "1,2";
				TEST_HOST = "$(BUILT_PRODUCTS_DIR)/CapstoneOne.app/CapstoneOne";
			};
			name = Release;
		};
/* End XCBuildConfiguration section */

/* Begin XCConfigurationList section */
		6221967124001FE90039DF9D /* Build configuration list for PBXProject "CapstoneOne" */ = {
			isa = XCConfigurationList;
			buildConfigurations = (
				6221969124001FEA0039DF9D /* Debug */,
				6221969224001FEA0039DF9D /* Release */,
			);
			defaultConfigurationIsVisible = 0;
			defaultConfigurationName = Release;
		};
		6221969324001FEA0039DF9D /* Build configuration list for PBXNativeTarget "CapstoneOne" */ = {
			isa = XCConfigurationList;
			buildConfigurations = (
				6221969424001FEA0039DF9D /* Debug */,
				6221969524001FEA0039DF9D /* Release */,
			);
			defaultConfigurationIsVisible = 0;
			defaultConfigurationName = Release;
		};
		6221969624001FEA0039DF9D /* Build configuration list for PBXNativeTarget "CapstoneOneTests" */ = {
			isa = XCConfigurationList;
			buildConfigurations = (
				6221969724001FEA0039DF9D /* Debug */,
				6221969824001FEA0039DF9D /* Release */,
			);
			defaultConfigurationIsVisible = 0;
			defaultConfigurationName = Release;
		};
/* End XCConfigurationList section */
	};
	rootObject = 6221966E24001FE90039DF9D /* Project object */;
}
